
Microsoft Visual Studio Solution File, Format Version 12.00
# Visual Studio Version 17
VisualStudioVersion = 17.9.34728.123
MinimumVisualStudioVersion = 10.0.40219.1
Project("{FAE04EC0-301F-11D3-BF4B-00C04F79EFBC}") = "PostgreDB.API", "PostgreDB.API\PostgreDB.API.csproj", "{F2057AB7-F5E7-4D65-BC58-0ADE027F3D29}"
EndProject
Project("{FAE04EC0-301F-11D3-BF4B-00C04F79EFBC}") = "PostgreDB.DataAccess", "PostgreDB.DataAccess\PostgreDB.DataAccess.csproj", "{B192C25B-E843-4A2B-9D8D-ED737CCA8FDD}"
EndProject
Project("{FAE04EC0-301F-11D3-BF4B-00C04F79EFBC}") = "PostgreDB.Model", "PostgreDB.Model\PostgreDB.Model.csproj", "{057BAB09-76BE-4671-BCE3-4FFD395E64B6}"
EndProject
Global
	GlobalSection(SolutionConfigurationPlatforms) = preSolution
		Debug|Any CPU = Debug|Any CPU
		Release|Any CPU = Release|Any CPU
	EndGlobalSection
	GlobalSection(ProjectConfigurationPlatforms) = postSolution
		{F2057AB7-F5E7-4D65-BC58-0ADE027F3D29}.Debug|Any CPU.ActiveCfg = Debug|Any CPU
		{F2057AB7-F5E7-4D65-BC58-0ADE027F3D29}.Debug|Any CPU.Build.0 = Debug|Any CPU
		{F2057AB7-F5E7-4D65-BC58-0ADE027F3D29}.Release|Any CPU.ActiveCfg = Release|Any CPU
		{F2057AB7-F5E7-4D65-BC58-0ADE027F3D29}.Release|Any CPU.Build.0 = Release|Any CPU
		{B192C25B-E843-4A2B-9D8D-ED737CCA8FDD}.Debug|Any CPU.ActiveCfg = Debug|Any CPU
		{B192C25B-E843-4A2B-9D8D-ED737CCA8FDD}.Debug|Any CPU.Build.0 = Debug|Any CPU
		{B192C25B-E843-4A2B-9D8D-ED737CCA8FDD}.Release|Any CPU.ActiveCfg = Release|Any CPU
		{B192C25B-E843-4A2B-9D8D-ED737CCA8FDD}.Release|Any CPU.Build.0 = Release|Any CPU
		{057BAB09-76BE-4671-BCE3-4FFD395E64B6}.Debug|Any CPU.ActiveCfg = Debug|Any CPU
		{057BAB09-76BE-4671-BCE3-4FFD395E64B6}.Debug|Any CPU.Build.0 = Debug|Any CPU
		{057BAB09-76BE-4671-BCE3-4FFD395E64B6}.Release|Any CPU.ActiveCfg = Release|Any CPU
		{057BAB09-76BE-4671-BCE3-4FFD395E64B6}.Release|Any CPU.Build.0 = Release|Any CPU
	EndGlobalSection
	GlobalSection(SolutionProperties) = preSolution
		HideSolutionNode = FALSE
	EndGlobalSection
	GlobalSection(ExtensibilityGlobals) = postSolution
		SolutionGuid = {5D835808-F87F-4672-B87A-B7F38982DDF7}
	EndGlobalSection
EndGlobal
